
Microsoft Visual Studio Solution File, Format Version 12.00
# Visual Studio 15
VisualStudioVersion = 15.0.28307.421
MinimumVisualStudioVersion = 10.0.40219.1
Project("{8BC9CEB8-8B4A-11D0-8D11-00A0C91BC942}") = "2.8", "2.8\2.8.vcxproj", "{081BB8D0-B656-492F-B979-CCF990855725}"
EndProject
Global
	GlobalSection(SolutionConfigurationPlatforms) = preSolution
		Debug|x64 = Debug|x64
		Debug|x86 = Debug|x86
		Release|x64 = Release|x64
		Release|x86 = Release|x86
	EndGlobalSection
	GlobalSection(ProjectConfigurationPlatforms) = postSolution
		{081BB8D0-B656-492F-B979-CCF990855725}.Debug|x64.ActiveCfg = Debug|x64
		{081BB8D0-B656-492F-B979-CCF990855725}.Debug|x64.Build.0 = Debug|x64
		{081BB8D0-B656-492F-B979-CCF990855725}.Debug|x86.ActiveCfg = Debug|Win32
		{081BB8D0-B656-492F-B979-CCF990855725}.Debug|x86.Build.0 = Debug|Win32
		{081BB8D0-B656-492F-B979-CCF990855725}.Release|x64.ActiveCfg = Release|x64
		{081BB8D0-B656-492F-B979-CCF990855725}.Release|x64.Build.0 = Release|x64
		{081BB8D0-B656-492F-B979-CCF990855725}.Release|x86.ActiveCfg = Release|Win32
		{081BB8D0-B656-492F-B979-CCF990855725}.Release|x86.Build.0 = Release|Win32
	EndGlobalSection
	GlobalSection(SolutionProperties) = preSolution
		HideSolutionNode = FALSE
	EndGlobalSection
	GlobalSection(ExtensibilityGlobals) = postSolution
		SolutionGuid = {55EF8DC9-F932-45AF-A289-CC90BB303764}
	EndGlobalSection
EndGlobal
